<?xml version="1.0" encoding="utf-8"?>
<Project ToolsVersion="4.0" xmlns="http://schemas.microsoft.com/developer/msbuild/2003">
  <ItemGroup>
    <Filter Include="ソース">
      <UniqueIdentifier>{4FC737F1-C7A5-4376-A066-2A32D752A2FF}</UniqueIdentifier>
      <Extensions>cpp;c;cc;cxx;def;odl;idl;hpj;bat;asm;asmx</Extensions>
    </Filter>
  </ItemGroup>
  <ItemGroup>
    <ClCompile Include="oniguruma\ascii.c">
      <Filter>ソース</Filter>
    </ClCompile>
    <ClCompile Include="oniguruma\big5.c">
      <Filter>ソース</Filter>
    </ClCompile>
    <ClCompile Include="oniguruma\cp1251.c">
      <Filter>ソース</Filter>
    </ClCompile>
    <ClCompile Include="oniguruma\euc_jp.c">
      <Filter>ソース</Filter>
    </ClCompile>
    <ClCompile Include="oniguruma\euc_kr.c">
      <Filter>ソース</Filter>
    </ClCompile>
    <ClCompile Include="oniguruma\euc_tw.c">
      <Filter>ソース</Filter>
    </ClCompile>
    <ClCompile Include="oniguruma\gb18030.c">
      <Filter>ソース</Filter>
    </ClCompile>
    <ClCompile Include="oniguruma\iso8859_1.c">
      <Filter>ソース</Filter>
    </ClCompile>
    <ClCompile Include="oniguruma\iso8859_10.c">
      <Filter>ソース</Filter>
    </ClCompile>
    <ClCompile Include="oniguruma\iso8859_11.c">
      <Filter>ソース</Filter>
    </ClCompile>
    <ClCompile Include="oniguruma\iso8859_13.c">
      <Filter>ソース</Filter>
    </ClCompile>
    <ClCompile Include="oniguruma\iso8859_14.c">
      <Filter>ソース</Filter>
    </ClCompile>
    <ClCompile Include="oniguruma\iso8859_15.c">
      <Filter>ソース</Filter>
    </ClCompile>
    <ClCompile Include="oniguruma\iso8859_16.c">
      <Filter>ソース</Filter>
    </ClCompile>
    <ClCompile Include="oniguruma\iso8859_2.c">
      <Filter>ソース</Filter>
    </ClCompile>
    <ClCompile Include="oniguruma\iso8859_3.c">
      <Filter>ソース</Filter>
    </ClCompile>
    <ClCompile Include="oniguruma\iso8859_4.c">
      <Filter>ソース</Filter>
    </ClCompile>
    <ClCompile Include="oniguruma\iso8859_5.c">
      <Filter>ソース</Filter>
    </ClCompile>
    <ClCompile Include="oniguruma\iso8859_6.c">
      <Filter>ソース</Filter>
    </ClCompile>
    <ClCompile Include="oniguruma\iso8859_7.c">
      <Filter>ソース</Filter>
    </ClCompile>
    <ClCompile Include="oniguruma\iso8859_8.c">
      <Filter>ソース</Filter>
    </ClCompile>
    <ClCompile Include="oniguruma\iso8859_9.c">
      <Filter>ソース</Filter>
    </ClCompile>
    <ClCompile Include="oniguruma\koi8.c">
      <Filter>ソース</Filter>
    </ClCompile>
    <ClCompile Include="oniguruma\koi8_r.c">
      <Filter>ソース</Filter>
    </ClCompile>
    <ClCompile Include="oniguruma\regcomp.c">
      <Filter>ソース</Filter>
    </ClCompile>
    <ClCompile Include="oniguruma\regenc.c">
      <Filter>ソース</Filter>
    </ClCompile>
    <ClCompile Include="oniguruma\regerror.c">
      <Filter>ソース</Filter>
    </ClCompile>
    <ClCompile Include="oniguruma\regexec.c">
      <Filter>ソース</Filter>
    </ClCompile>
    <ClCompile Include="oniguruma\regext.c">
      <Filter>ソース</Filter>
    </ClCompile>
    <ClCompile Include="oniguruma\reggnu.c">
      <Filter>ソース</Filter>
    </ClCompile>
    <ClCompile Include="oniguruma\regparse.c">
      <Filter>ソース</Filter>
    </ClCompile>
    <ClCompile Include="oniguruma\regposerr.c">
      <Filter>ソース</Filter>
    </ClCompile>
    <ClCompile Include="oniguruma\regposix.c">
      <Filter>ソース</Filter>
    </ClCompile>
    <ClCompile Include="oniguruma\regsyntax.c">
      <Filter>ソース</Filter>
    </ClCompile>
    <ClCompile Include="oniguruma\regtrav.c">
      <Filter>ソース</Filter>
    </ClCompile>
    <ClCompile Include="oniguruma\regversion.c">
      <Filter>ソース</Filter>
    </ClCompile>
    <ClCompile Include="oniguruma\sjis.c">
      <Filter>ソース</Filter>
    </ClCompile>
    <ClCompile Include="oniguruma\st.c">
      <Filter>ソース</Filter>
    </ClCompile>
    <ClCompile Include="oniguruma\unicode.c">
      <Filter>ソース</Filter>
    </ClCompile>
    <ClCompile Include="oniguruma\utf16_be.c">
      <Filter>ソース</Filter>
    </ClCompile>
    <ClCompile Include="oniguruma\utf16_le.c">
      <Filter>ソース</Filter>
    </ClCompile>
    <ClCompile Include="oniguruma\utf32_be.c">
      <Filter>ソース</Filter>
    </ClCompile>
    <ClCompile Include="oniguruma\utf32_le.c">
      <Filter>ソース</Filter>
    </ClCompile>
    <ClCompile Include="oniguruma\utf8.c">
      <Filter>ソース</Filter>
    </ClCompile>
  </ItemGroup>
  <ItemGroup>
    <ClInclude Include="oniguruma\onigconfig.h">
      <Filter>ソース</Filter>
    </ClInclude>
    <ClInclude Include="oniguruma\oniggnu.h">
      <Filter>ソース</Filter>
    </ClInclude>
    <ClInclude Include="oniguruma\onigposix.h">
      <Filter>ソース</Filter>
    </ClInclude>
    <ClInclude Include="oniguruma\oniguruma.h">
      <Filter>ソース</Filter>
    </ClInclude>
    <ClInclude Include="oniguruma\regenc.h">
      <Filter>ソース</Filter>
    </ClInclude>
    <ClInclude Include="oniguruma\regint.h">
      <Filter>ソース</Filter>
    </ClInclude>
    <ClInclude Include="oniguruma\regparse.h">
      <Filter>ソース</Filter>
    </ClInclude>
    <ClInclude Include="oniguruma\st.h">
      <Filter>ソース</Filter>
    </ClInclude>
  </ItemGroup>
</Project>